
Microsoft Visual Studio Solution File, Format Version 12.00
# Visual Studio Version 16
VisualStudioVersion = 16.0.33328.57
MinimumVisualStudioVersion = 10.0.40219.1
Project("{FAE04EC0-301F-11D3-BF4B-00C04F79EFBC}") = "TC.SelfHostedAPISample", "TC.SelfHostedAPISample\TC.SelfHostedAPISample.csproj", "{24F67D56-1809-42D9-9562-6277A342A0F0}"
EndProject
Project("{FAE04EC0-301F-11D3-BF4B-00C04F79EFBC}") = "SelfHostedWebAPI", "SelfHostedWebAPI\SelfHostedWebAPI.csproj", "{90D894C6-C0A5-41A8-BF29-F226C895EF33}"
EndProject
Global
	GlobalSection(SolutionConfigurationPlatforms) = preSolution
		Debug|Any CPU = Debug|Any CPU
		Release|Any CPU = Release|Any CPU
	EndGlobalSection
	GlobalSection(ProjectConfigurationPlatforms) = postSolution
		{24F67D56-1809-42D9-9562-6277A342A0F0}.Debug|Any CPU.ActiveCfg = Debug|Any CPU
		{24F67D56-1809-42D9-9562-6277A342A0F0}.Debug|Any CPU.Build.0 = Debug|Any CPU
		{24F67D56-1809-42D9-9562-6277A342A0F0}.Release|Any CPU.ActiveCfg = Release|Any CPU
		{24F67D56-1809-42D9-9562-6277A342A0F0}.Release|Any CPU.Build.0 = Release|Any CPU
		{90D894C6-C0A5-41A8-BF29-F226C895EF33}.Debug|Any CPU.ActiveCfg = Debug|Any CPU
		{90D894C6-C0A5-41A8-BF29-F226C895EF33}.Debug|Any CPU.Build.0 = Debug|Any CPU
		{90D894C6-C0A5-41A8-BF29-F226C895EF33}.Release|Any CPU.ActiveCfg = Release|Any CPU
		{90D894C6-C0A5-41A8-BF29-F226C895EF33}.Release|Any CPU.Build.0 = Release|Any CPU
	EndGlobalSection
	GlobalSection(SolutionProperties) = preSolution
		HideSolutionNode = FALSE
	EndGlobalSection
	GlobalSection(ExtensibilityGlobals) = postSolution
		SolutionGuid = {4853C746-3B1A-4869-ABC1-9709995C3D86}
	EndGlobalSection
EndGlobal
